// !$*UTF8*$!
{
	archiveVersion = 1;
	classes = {
	};
	objectVersion = 56;
	objects = {

/* Begin PBXBuildFile section */
		A80572482A8C55A500CF5642 /* RemoteConfigApp.swift in Sources */ = {isa = PBXBuildFile; fileRef = A80572472A8C55A500CF5642 /* RemoteConfigApp.swift */; };
		A805724A2A8C55A500CF5642 /* ContentView.swift in Sources */ = {isa = PBXBuildFile; fileRef = A80572492A8C55A500CF5642 /* ContentView.swift */; };
		A805724C2A8C55A900CF5642 /* Assets.xcassets in Resources */ = {isa = PBXBuildFile; fileRef = A805724B2A8C55A900CF5642 /* Assets.xcassets */; };
		A805724F2A8C55A900CF5642 /* Preview Assets.xcassets in Resources */ = {isa = PBXBuildFile; fileRef = A805724E2A8C55A900CF5642 /* Preview Assets.xcassets */; };
		A80572592A8C55A900CF5642 /* RemoteConfigTests.swift in Sources */ = {isa = PBXBuildFile; fileRef = A80572582A8C55A900CF5642 /* RemoteConfigTests.swift */; };
		A80572632A8C55A900CF5642 /* RemoteConfigUITests.swift in Sources */ = {isa = PBXBuildFile; fileRef = A80572622A8C55A900CF5642 /* RemoteConfigUITests.swift */; };
		A80572652A8C55A900CF5642 /* RemoteConfigUITestsLaunchTests.swift in Sources */ = {isa = PBXBuildFile; fileRef = A80572642A8C55A900CF5642 /* RemoteConfigUITestsLaunchTests.swift */; };
		A80572732A8C5ACE00CF5642 /* FirebaseAnalytics in Frameworks */ = {isa = PBXBuildFile; productRef = A80572722A8C5ACE00CF5642 /* FirebaseAnalytics */; };
		A80572752A8C5ACE00CF5642 /* FirebaseAnalyticsSwift in Frameworks */ = {isa = PBXBuildFile; productRef = A80572742A8C5ACE00CF5642 /* FirebaseAnalyticsSwift */; };
		A80572772A8C5ACE00CF5642 /* FirebaseAppCheck in Frameworks */ = {isa = PBXBuildFile; productRef = A80572762A8C5ACE00CF5642 /* FirebaseAppCheck */; };
		A80572792A8C5ACE00CF5642 /* FirebaseCrashlytics in Frameworks */ = {isa = PBXBuildFile; productRef = A80572782A8C5ACE00CF5642 /* FirebaseCrashlytics */; };
		A805727B2A8C5ACE00CF5642 /* FirebaseMessaging in Frameworks */ = {isa = PBXBuildFile; productRef = A805727A2A8C5ACE00CF5642 /* FirebaseMessaging */; };
		A805727D2A8C5ACE00CF5642 /* FirebaseRemoteConfig in Frameworks */ = {isa = PBXBuildFile; productRef = A805727C2A8C5ACE00CF5642 /* FirebaseRemoteConfig */; };
		A805727F2A8C5ACE00CF5642 /* FirebaseRemoteConfigSwift in Frameworks */ = {isa = PBXBuildFile; productRef = A805727E2A8C5ACE00CF5642 /* FirebaseRemoteConfigSwift */; };
		A80572812A8C5C1900CF5642 /* GoogleService-Info.plist in Resources */ = {isa = PBXBuildFile; fileRef = A80572802A8C5C1900CF5642 /* GoogleService-Info.plist */; };
		A80572822A8C5C1900CF5642 /* GoogleService-Info.plist in Resources */ = {isa = PBXBuildFile; fileRef = A80572802A8C5C1900CF5642 /* GoogleService-Info.plist */; };
		A80572832A8C5C1900CF5642 /* GoogleService-Info.plist in Resources */ = {isa = PBXBuildFile; fileRef = A80572802A8C5C1900CF5642 /* GoogleService-Info.plist */; };
		A80572852A8C844E00CF5642 /* RemoteConfigManager.swift in Sources */ = {isa = PBXBuildFile; fileRef = A80572842A8C844E00CF5642 /* RemoteConfigManager.swift */; };
		A80572862A8C844E00CF5642 /* RemoteConfigManager.swift in Sources */ = {isa = PBXBuildFile; fileRef = A80572842A8C844E00CF5642 /* RemoteConfigManager.swift */; };
		A80572872A8C844E00CF5642 /* RemoteConfigManager.swift in Sources */ = {isa = PBXBuildFile; fileRef = A80572842A8C844E00CF5642 /* RemoteConfigManager.swift */; };
		A80572892A8C877E00CF5642 /* RemoteConfigDefaultValues.plist in Resources */ = {isa = PBXBuildFile; fileRef = A80572882A8C877D00CF5642 /* RemoteConfigDefaultValues.plist */; };
		A805728A2A8C877E00CF5642 /* RemoteConfigDefaultValues.plist in Resources */ = {isa = PBXBuildFile; fileRef = A80572882A8C877D00CF5642 /* RemoteConfigDefaultValues.plist */; };
		A805728B2A8C877E00CF5642 /* RemoteConfigDefaultValues.plist in Resources */ = {isa = PBXBuildFile; fileRef = A80572882A8C877D00CF5642 /* RemoteConfigDefaultValues.plist */; };
		A805728D2A8CA52000CF5642 /* Extension.swift in Sources */ = {isa = PBXBuildFile; fileRef = A805728C2A8CA52000CF5642 /* Extension.swift */; };
		A805728E2A8CA52000CF5642 /* Extension.swift in Sources */ = {isa = PBXBuildFile; fileRef = A805728C2A8CA52000CF5642 /* Extension.swift */; };
		A805728F2A8CA52000CF5642 /* Extension.swift in Sources */ = {isa = PBXBuildFile; fileRef = A805728C2A8CA52000CF5642 /* Extension.swift */; };
/* End PBXBuildFile section */

/* Begin PBXContainerItemProxy section */
		A80572552A8C55A900CF5642 /* PBXContainerItemProxy */ = {
			isa = PBXContainerItemProxy;
			containerPortal = A805723C2A8C55A500CF5642 /* Project object */;
			proxyType = 1;
			remoteGlobalIDString = A80572432A8C55A500CF5642;
			remoteInfo = RemoteConfig;
		};
		A805725F2A8C55A900CF5642 /* PBXContainerItemProxy */ = {
			isa = PBXContainerItemProxy;
			containerPortal = A805723C2A8C55A500CF5642 /* Project object */;
			proxyType = 1;
			remoteGlobalIDString = A80572432A8C55A500CF5642;
			remoteInfo = RemoteConfig;
		};
/* End PBXContainerItemProxy section */

/* Begin PBXFileReference section */
		A80572442A8C55A500CF5642 /* RemoteConfig.app */ = {isa = PBXFileReference; explicitFileType = wrapper.application; includeInIndex = 0; path = RemoteConfig.app; sourceTree = BUILT_PRODUCTS_DIR; };
		A80572472A8C55A500CF5642 /* RemoteConfigApp.swift */ = {isa = PBXFileReference; lastKnownFileType = sourcecode.swift; path = RemoteConfigApp.swift; sourceTree = "<group>"; };
		A80572492A8C55A500CF5642 /* ContentView.swift */ = {isa = PBXFileReference; lastKnownFileType = sourcecode.swift; path = ContentView.swift; sourceTree = "<group>"; };
		A805724B2A8C55A900CF5642 /* Assets.xcassets */ = {isa = PBXFileReference; lastKnownFileType = folder.assetcatalog; path = Assets.xcassets; sourceTree = "<group>"; };
		A805724E2A8C55A900CF5642 /* Preview Assets.xcassets */ = {isa = PBXFileReference; lastKnownFileType = folder.assetcatalog; path = "Preview Assets.xcassets"; sourceTree = "<group>"; };
		A80572542A8C55A900CF5642 /* RemoteConfigTests.xctest */ = {isa = PBXFileReference; explicitFileType = wrapper.cfbundle; includeInIndex = 0; path = RemoteConfigTests.xctest; sourceTree = BUILT_PRODUCTS_DIR; };
		A80572582A8C55A900CF5642 /* RemoteConfigTests.swift */ = {isa = PBXFileReference; lastKnownFileType = sourcecode.swift; path = RemoteConfigTests.swift; sourceTree = "<group>"; };
		A805725E2A8C55A900CF5642 /* RemoteConfigUITests.xctest */ = {isa = PBXFileReference; explicitFileType = wrapper.cfbundle; includeInIndex = 0; path = RemoteConfigUITests.xctest; sourceTree = BUILT_PRODUCTS_DIR; };
		A80572622A8C55A900CF5642 /* RemoteConfigUITests.swift */ = {isa = PBXFileReference; lastKnownFileType = sourcecode.swift; path = RemoteConfigUITests.swift; sourceTree = "<group>"; };
		A80572642A8C55A900CF5642 /* RemoteConfigUITestsLaunchTests.swift */ = {isa = PBXFileReference; lastKnownFileType = sourcecode.swift; path = RemoteConfigUITestsLaunchTests.swift; sourceTree = "<group>"; };
		A80572802A8C5C1900CF5642 /* GoogleService-Info.plist */ = {isa = PBXFileReference; fileEncoding = 4; lastKnownFileType = text.plist.xml; path = "GoogleService-Info.plist"; sourceTree = "<group>"; };
		A80572842A8C844E00CF5642 /* RemoteConfigManager.swift */ = {isa = PBXFileReference; lastKnownFileType = sourcecode.swift; path = RemoteConfigManager.swift; sourceTree = "<group>"; };
		A80572882A8C877D00CF5642 /* RemoteConfigDefaultValues.plist */ = {isa = PBXFileReference; lastKnownFileType = text.plist; path = RemoteConfigDefaultValues.plist; sourceTree = SOURCE_ROOT; };
		A805728C2A8CA52000CF5642 /* Extension.swift */ = {isa = PBXFileReference; lastKnownFileType = sourcecode.swift; path = Extension.swift; sourceTree = "<group>"; };
/* End PBXFileReference section */

/* Begin PBXFrameworksBuildPhase section */
		A80572412A8C55A500CF5642 /* Frameworks */ = {
			isa = PBXFrameworksBuildPhase;
			buildActionMask = 2147483647;
			files = (
				A80572752A8C5ACE00CF5642 /* FirebaseAnalyticsSwift in Frameworks */,
				A80572792A8C5ACE00CF5642 /* FirebaseCrashlytics in Frameworks */,
				A805727B2A8C5ACE00CF5642 /* FirebaseMessaging in Frameworks */,
				A805727F2A8C5ACE00CF5642 /* FirebaseRemoteConfigSwift in Frameworks */,
				A805727D2A8C5ACE00CF5642 /* FirebaseRemoteConfig in Frameworks */,
				A80572772A8C5ACE00CF5642 /* FirebaseAppCheck in Frameworks */,
				A80572732A8C5ACE00CF5642 /* FirebaseAnalytics in Frameworks */,
			);
			runOnlyForDeploymentPostprocessing = 0;
		};
		A80572512A8C55A900CF5642 /* Frameworks */ = {
			isa = PBXFrameworksBuildPhase;
			buildActionMask = 2147483647;
			files = (
			);
			runOnlyForDeploymentPostprocessing = 0;
		};
		A805725B2A8C55A900CF5642 /* Frameworks */ = {
			isa = PBXFrameworksBuildPhase;
			buildActionMask = 2147483647;
			files = (
			);
			runOnlyForDeploymentPostprocessing = 0;
		};
/* End PBXFrameworksBuildPhase section */

/* Begin PBXGroup section */
		A805723B2A8C55A500CF5642 = {
			isa = PBXGroup;
			children = (
				A80572462A8C55A500CF5642 /* RemoteConfig */,
				A80572572A8C55A900CF5642 /* RemoteConfigTests */,
				A80572612A8C55A900CF5642 /* RemoteConfigUITests */,
				A80572452A8C55A500CF5642 /* Products */,
			);
			sourceTree = "<group>";
		};
		A80572452A8C55A500CF5642 /* Products */ = {
			isa = PBXGroup;
			children = (
				A80572442A8C55A500CF5642 /* RemoteConfig.app */,
				A80572542A8C55A900CF5642 /* RemoteConfigTests.xctest */,
				A805725E2A8C55A900CF5642 /* RemoteConfigUITests.xctest */,
			);
			name = Products;
			sourceTree = "<group>";
		};
		A80572462A8C55A500CF5642 /* RemoteConfig */ = {
			isa = PBXGroup;
			children = (
				A80572802A8C5C1900CF5642 /* GoogleService-Info.plist */,
				A80572882A8C877D00CF5642 /* RemoteConfigDefaultValues.plist */,
				A80572472A8C55A500CF5642 /* RemoteConfigApp.swift */,
				A805728C2A8CA52000CF5642 /* Extension.swift */,
				A80572842A8C844E00CF5642 /* RemoteConfigManager.swift */,
				A80572492A8C55A500CF5642 /* ContentView.swift */,
				A805724B2A8C55A900CF5642 /* Assets.xcassets */,
				A805724D2A8C55A900CF5642 /* Preview Content */,
			);
			path = RemoteConfig;
			sourceTree = "<group>";
		};
		A805724D2A8C55A900CF5642 /* Preview Content */ = {
			isa = PBXGroup;
			children = (
				A805724E2A8C55A900CF5642 /* Preview Assets.xcassets */,
			);
			path = "Preview Content";
			sourceTree = "<group>";
		};
		A80572572A8C55A900CF5642 /* RemoteConfigTests */ = {
			isa = PBXGroup;
			children = (
				A80572582A8C55A900CF5642 /* RemoteConfigTests.swift */,
			);
			path = RemoteConfigTests;
			sourceTree = "<group>";
		};
		A80572612A8C55A900CF5642 /* RemoteConfigUITests */ = {
			isa = PBXGroup;
			children = (
				A80572622A8C55A900CF5642 /* RemoteConfigUITests.swift */,
				A80572642A8C55A900CF5642 /* RemoteConfigUITestsLaunchTests.swift */,
			);
			path = RemoteConfigUITests;
			sourceTree = "<group>";
		};
/* End PBXGroup section */

/* Begin PBXNativeTarget section */
		A80572432A8C55A500CF5642 /* RemoteConfig */ = {
			isa = PBXNativeTarget;
			buildConfigurationList = A80572682A8C55A900CF5642 /* Build configuration list for PBXNativeTarget "RemoteConfig" */;
			buildPhases = (
				A80572402A8C55A500CF5642 /* Sources */,
				A80572412A8C55A500CF5642 /* Frameworks */,
				A80572422A8C55A500CF5642 /* Resources */,
			);
			buildRules = (
			);
			dependencies = (
			);
			name = RemoteConfig;
			packageProductDependencies = (
				A80572722A8C5ACE00CF5642 /* FirebaseAnalytics */,
				A80572742A8C5ACE00CF5642 /* FirebaseAnalyticsSwift */,
				A80572762A8C5ACE00CF5642 /* FirebaseAppCheck */,
				A80572782A8C5ACE00CF5642 /* FirebaseCrashlytics */,
				A805727A2A8C5ACE00CF5642 /* FirebaseMessaging */,
				A805727C2A8C5ACE00CF5642 /* FirebaseRemoteConfig */,
				A805727E2A8C5ACE00CF5642 /* FirebaseRemoteConfigSwift */,
			);
			productName = RemoteConfig;
			productReference = A80572442A8C55A500CF5642 /* RemoteConfig.app */;
			productType = "com.apple.product-type.application";
		};
		A80572532A8C55A900CF5642 /* RemoteConfigTests */ = {
			isa = PBXNativeTarget;
			buildConfigurationList = A805726B2A8C55A900CF5642 /* Build configuration list for PBXNativeTarget "RemoteConfigTests" */;
			buildPhases = (
				A80572502A8C55A900CF5642 /* Sources */,
				A80572512A8C55A900CF5642 /* Frameworks */,
				A80572522A8C55A900CF5642 /* Resources */,
			);
			buildRules = (
			);
			dependencies = (
				A80572562A8C55A900CF5642 /* PBXTargetDependency */,
			);
			name = RemoteConfigTests;
			productName = RemoteConfigTests;
			productReference = A80572542A8C55A900CF5642 /* RemoteConfigTests.xctest */;
			productType = "com.apple.product-type.bundle.unit-test";
		};
		A805725D2A8C55A900CF5642 /* RemoteConfigUITests */ = {
			isa = PBXNativeTarget;
			buildConfigurationList = A805726E2A8C55A900CF5642 /* Build configuration list for PBXNativeTarget "RemoteConfigUITests" */;
			buildPhases = (
				A805725A2A8C55A900CF5642 /* Sources */,
				A805725B2A8C55A900CF5642 /* Frameworks */,
				A805725C2A8C55A900CF5642 /* Resources */,
			);
			buildRules = (
			);
			dependencies = (
				A80572602A8C55A900CF5642 /* PBXTargetDependency */,
			);
			name = RemoteConfigUITests;
			productName = RemoteConfigUITests;
			productReference = A805725E2A8C55A900CF5642 /* RemoteConfigUITests.xctest */;
			productType = "com.apple.product-type.bundle.ui-testing";
		};
/* End PBXNativeTarget section */

/* Begin PBXProject section */
		A805723C2A8C55A500CF5642 /* Project object */ = {
			isa = PBXProject;
			attributes = {
				BuildIndependentTargetsInParallel = 1;
				LastSwiftUpdateCheck = 1420;
				LastUpgradeCheck = 1420;
				TargetAttributes = {
					A80572432A8C55A500CF5642 = {
						CreatedOnToolsVersion = 14.2;
					};
					A80572532A8C55A900CF5642 = {
						CreatedOnToolsVersion = 14.2;
						TestTargetID = A80572432A8C55A500CF5642;
					};
					A805725D2A8C55A900CF5642 = {
						CreatedOnToolsVersion = 14.2;
						TestTargetID = A80572432A8C55A500CF5642;
					};
				};
			};
			buildConfigurationList = A805723F2A8C55A500CF5642 /* Build configuration list for PBXProject "RemoteConfig" */;
			compatibilityVersion = "Xcode 14.0";
			developmentRegion = en;
			hasScannedForEncodings = 0;
			knownRegions = (
				en,
				Base,
			);
			mainGroup = A805723B2A8C55A500CF5642;
			packageReferences = (
				A80572712A8C5ACE00CF5642 /* XCRemoteSwiftPackageReference "firebase-ios-sdk" */,
			);
			productRefGroup = A80572452A8C55A500CF5642 /* Products */;
			projectDirPath = "";
			projectRoot = "";
			targets = (
				A80572432A8C55A500CF5642 /* RemoteConfig */,
				A80572532A8C55A900CF5642 /* RemoteConfigTests */,
				A805725D2A8C55A900CF5642 /* RemoteConfigUITests */,
			);
		};
/* End PBXProject section */

/* Begin PBXResourcesBuildPhase section */
		A80572422A8C55A500CF5642 /* Resources */ = {
			isa = PBXResourcesBuildPhase;
			buildActionMask = 2147483647;
			files = (
				A80572892A8C877E00CF5642 /* RemoteConfigDefaultValues.plist in Resources */,
				A805724F2A8C55A900CF5642 /* Preview Assets.xcassets in Resources */,
				A805724C2A8C55A900CF5642 /* Assets.xcassets in Resources */,
				A80572812A8C5C1900CF5642 /* GoogleService-Info.plist in Resources */,
			);
			runOnlyForDeploymentPostprocessing = 0;
		};
		A80572522A8C55A900CF5642 /* Resources */ = {
			isa = PBXResourcesBuildPhase;
			buildActionMask = 2147483647;
			files = (
				A805728A2A8C877E00CF5642 /* RemoteConfigDefaultValues.plist in Resources */,
				A80572822A8C5C1900CF5642 /* GoogleService-Info.plist in Resources */,
			);
			runOnlyForDeploymentPostprocessing = 0;
		};
		A805725C2A8C55A900CF5642 /* Resources */ = {
			isa = PBXResourcesBuildPhase;
			buildActionMask = 2147483647;
			files = (
				A805728B2A8C877E00CF5642 /* RemoteConfigDefaultValues.plist in Resources */,
				A80572832A8C5C1900CF5642 /* GoogleService-Info.plist in Resources */,
			);
			runOnlyForDeploymentPostprocessing = 0;
		};
/* End PBXResourcesBuildPhase section */

/* Begin PBXSourcesBuildPhase section */
		A80572402A8C55A500CF5642 /* Sources */ = {
			isa = PBXSourcesBuildPhase;
			buildActionMask = 2147483647;
			files = (
				A805724A2A8C55A500CF5642 /* ContentView.swift in Sources */,
				A80572482A8C55A500CF5642 /* RemoteConfigApp.swift in Sources */,
				A80572852A8C844E00CF5642 /* RemoteConfigManager.swift in Sources */,
				A805728D2A8CA52000CF5642 /* Extension.swift in Sources */,
			);
			runOnlyForDeploymentPostprocessing = 0;
		};
		A80572502A8C55A900CF5642 /* Sources */ = {
			isa = PBXSourcesBuildPhase;
			buildActionMask = 2147483647;
			files = (
				A805728E2A8CA52000CF5642 /* Extension.swift in Sources */,
				A80572592A8C55A900CF5642 /* RemoteConfigTests.swift in Sources */,
				A80572862A8C844E00CF5642 /* RemoteConfigManager.swift in Sources */,
			);
			runOnlyForDeploymentPostprocessing = 0;
		};
		A805725A2A8C55A900CF5642 /* Sources */ = {
			isa = PBXSourcesBuildPhase;
			buildActionMask = 2147483647;
			files = (
				A80572652A8C55A900CF5642 /* RemoteConfigUITestsLaunchTests.swift in Sources */,
				A80572632A8C55A900CF5642 /* RemoteConfigUITests.swift in Sources */,
				A80572872A8C844E00CF5642 /* RemoteConfigManager.swift in Sources */,
				A805728F2A8CA52000CF5642 /* Extension.swift in Sources */,
			);
			runOnlyForDeploymentPostprocessing = 0;
		};
/* End PBXSourcesBuildPhase section */

/* Begin PBXTargetDependency section */
		A80572562A8C55A900CF5642 /* PBXTargetDependency */ = {
			isa = PBXTargetDependency;
			target = A80572432A8C55A500CF5642 /* RemoteConfig */;
			targetProxy = A80572552A8C55A900CF5642 /* PBXContainerItemProxy */;
		};
		A80572602A8C55A900CF5642 /* PBXTargetDependency */ = {
			isa = PBXTargetDependency;
			target = A80572432A8C55A500CF5642 /* RemoteConfig */;
			targetProxy = A805725F2A8C55A900CF5642 /* PBXContainerItemProxy */;
		};
/* End PBXTargetDependency section */

/* Begin XCBuildConfiguration section */
		A80572662A8C55A900CF5642 /* Debug */ = {
			isa = XCBuildConfiguration;
			buildSettings = {
				ALWAYS_SEARCH_USER_PATHS = NO;
				CLANG_ANALYZER_NONNULL = YES;
				CLANG_ANALYZER_NUMBER_OBJECT_CONVERSION = YES_AGGRESSIVE;
				CLANG_CXX_LANGUAGE_STANDARD = "gnu++20";
				CLANG_ENABLE_MODULES = YES;
				CLANG_ENABLE_OBJC_ARC = YES;
				CLANG_ENABLE_OBJC_WEAK = YES;
				CLANG_WARN_BLOCK_CAPTURE_AUTORELEASING = YES;
				CLANG_WARN_BOOL_CONVERSION = YES;
				CLANG_WARN_COMMA = YES;
				CLANG_WARN_CONSTANT_CONVERSION = YES;
				CLANG_WARN_DEPRECATED_OBJC_IMPLEMENTATIONS = YES;
				CLANG_WARN_DIRECT_OBJC_ISA_USAGE = YES_ERROR;
				CLANG_WARN_DOCUMENTATION_COMMENTS = YES;
				CLANG_WARN_EMPTY_BODY = YES;
				CLANG_WARN_ENUM_CONVERSION = YES;
				CLANG_WARN_INFINITE_RECURSION = YES;
				CLANG_WARN_INT_CONVERSION = YES;
				CLANG_WARN_NON_LITERAL_NULL_CONVERSION = YES;
				CLANG_WARN_OBJC_IMPLICIT_RETAIN_SELF = YES;
				CLANG_WARN_OBJC_LITERAL_CONVERSION = YES;
				CLANG_WARN_OBJC_ROOT_CLASS = YES_ERROR;
				CLANG_WARN_QUOTED_INCLUDE_IN_FRAMEWORK_HEADER = YES;
				CLANG_WARN_RANGE_LOOP_ANALYSIS = YES;
				CLANG_WARN_STRICT_PROTOTYPES = YES;
				CLANG_WARN_SUSPICIOUS_MOVE = YES;
				CLANG_WARN_UNGUARDED_AVAILABILITY = YES_AGGRESSIVE;
				CLANG_WARN_UNREACHABLE_CODE = YES;
				CLANG_WARN__DUPLICATE_METHOD_MATCH = YES;
				COPY_PHASE_STRIP = NO;
				DEBUG_INFORMATION_FORMAT = dwarf;
				ENABLE_STRICT_OBJC_MSGSEND = YES;
				ENABLE_TESTABILITY = YES;
				GCC_C_LANGUAGE_STANDARD = gnu11;
				GCC_DYNAMIC_NO_PIC = NO;
				GCC_NO_COMMON_BLOCKS = YES;
				GCC_OPTIMIZATION_LEVEL = 0;
				GCC_PREPROCESSOR_DEFINITIONS = (
					"DEBUG=1",
					"$(inherited)",
				);
				GCC_WARN_64_TO_32_BIT_CONVERSION = YES;
				GCC_WARN_ABOUT_RETURN_TYPE = YES_ERROR;
				GCC_WARN_UNDECLARED_SELECTOR = YES;
				GCC_WARN_UNINITIALIZED_AUTOS = YES_AGGRESSIVE;
				GCC_WARN_UNUSED_FUNCTION = YES;
				GCC_WARN_UNUSED_VARIABLE = YES;
				IPHONEOS_DEPLOYMENT_TARGET = 16.2;
				MTL_ENABLE_DEBUG_INFO = INCLUDE_SOURCE;
				MTL_FAST_MATH = YES;
				ONLY_ACTIVE_ARCH = YES;
				SDKROOT = iphoneos;
				SWIFT_ACTIVE_COMPILATION_CONDITIONS = DEBUG;
				SWIFT_OPTIMIZATION_LEVEL = "-Onone";
			};
			name = Debug;
		};
		A80572672A8C55A900CF5642 /* Release */ = {
			isa = XCBuildConfiguration;
			buildSettings = {
				ALWAYS_SEARCH_USER_PATHS = NO;
				CLANG_ANALYZER_NONNULL = YES;
				CLANG_ANALYZER_NUMBER_OBJECT_CONVERSION = YES_AGGRESSIVE;
				CLANG_CXX_LANGUAGE_STANDARD = "gnu++20";
				CLANG_ENABLE_MODULES = YES;
				CLANG_ENABLE_OBJC_ARC = YES;
				CLANG_ENABLE_OBJC_WEAK = YES;
				CLANG_WARN_BLOCK_CAPTURE_AUTORELEASING = YES;
				CLANG_WARN_BOOL_CONVERSION = YES;
				CLANG_WARN_COMMA = YES;
				CLANG_WARN_CONSTANT_CONVERSION = YES;
				CLANG_WARN_DEPRECATED_OBJC_IMPLEMENTATIONS = YES;
				CLANG_WARN_DIRECT_OBJC_ISA_USAGE = YES_ERROR;
				CLANG_WARN_DOCUMENTATION_COMMENTS = YES;
				CLANG_WARN_EMPTY_BODY = YES;
				CLANG_WARN_ENUM_CONVERSION = YES;
				CLANG_WARN_INFINITE_RECURSION = YES;
				CLANG_WARN_INT_CONVERSION = YES;
				CLANG_WARN_NON_LITERAL_NULL_CONVERSION = YES;
				CLANG_WARN_OBJC_IMPLICIT_RETAIN_SELF = YES;
				CLANG_WARN_OBJC_LITERAL_CONVERSION = YES;
				CLANG_WARN_OBJC_ROOT_CLASS = YES_ERROR;
				CLANG_WARN_QUOTED_INCLUDE_IN_FRAMEWORK_HEADER = YES;
				CLANG_WARN_RANGE_LOOP_ANALYSIS = YES;
				CLANG_WARN_STRICT_PROTOTYPES = YES;
				CLANG_WARN_SUSPICIOUS_MOVE = YES;
				CLANG_WARN_UNGUARDED_AVAILABILITY = YES_AGGRESSIVE;
				CLANG_WARN_UNREACHABLE_CODE = YES;
				CLANG_WARN__DUPLICATE_METHOD_MATCH = YES;
				COPY_PHASE_STRIP = NO;
				DEBUG_INFORMATION_FORMAT = "dwarf-with-dsym";
				ENABLE_NS_ASSERTIONS = NO;
				ENABLE_STRICT_OBJC_MSGSEND = YES;
				GCC_C_LANGUAGE_STANDARD = gnu11;
				GCC_NO_COMMON_BLOCKS = YES;
				GCC_WARN_64_TO_32_BIT_CONVERSION = YES;
				GCC_WARN_ABOUT_RETURN_TYPE = YES_ERROR;
				GCC_WARN_UNDECLARED_SELECTOR = YES;
				GCC_WARN_UNINITIALIZED_AUTOS = YES_AGGRESSIVE;
				GCC_WARN_UNUSED_FUNCTION = YES;
				GCC_WARN_UNUSED_VARIABLE = YES;
				IPHONEOS_DEPLOYMENT_TARGET = 16.2;
				MTL_ENABLE_DEBUG_INFO = NO;
				MTL_FAST_MATH = YES;
				SDKROOT = iphoneos;
				SWIFT_COMPILATION_MODE = wholemodule;
				SWIFT_OPTIMIZATION_LEVEL = "-O";
				VALIDATE_PRODUCT = YES;
			};
			name = Release;
		};
		A80572692A8C55A900CF5642 /* Debug */ = {
			isa = XCBuildConfiguration;
			buildSettings = {
				ASSETCATALOG_COMPILER_APPICON_NAME = AppIcon;
				ASSETCATALOG_COMPILER_GLOBAL_ACCENT_COLOR_NAME = AccentColor;
				CODE_SIGN_STYLE = Automatic;
				CURRENT_PROJECT_VERSION = 1;
				DEVELOPMENT_ASSET_PATHS = "\"RemoteConfig/Preview Content\"";
				DEVELOPMENT_TEAM = 499HZP5KWP;
				ENABLE_PREVIEWS = YES;
				GENERATE_INFOPLIST_FILE = YES;
				INFOPLIST_KEY_UIApplicationSceneManifest_Generation = YES;
				INFOPLIST_KEY_UIApplicationSupportsIndirectInputEvents = YES;
				INFOPLIST_KEY_UILaunchScreen_Generation = YES;
				INFOPLIST_KEY_UISupportedInterfaceOrientations_iPad = "UIInterfaceOrientationPortrait UIInterfaceOrientationPortraitUpsideDown UIInterfaceOrientationLandscapeLeft UIInterfaceOrientationLandscapeRight";
				INFOPLIST_KEY_UISupportedInterfaceOrientations_iPhone = "UIInterfaceOrientationPortrait UIInterfaceOrientationLandscapeLeft UIInterfaceOrientationLandscapeRight";
				LD_RUNPATH_SEARCH_PATHS = (
					"$(inherited)",
					"@executable_path/Frameworks",
				);
				MARKETING_VERSION = 1.0;
				PRODUCT_BUNDLE_IDENTIFIER = RaihanaSouleymane.RemoteConfig;
				PRODUCT_NAME = "$(TARGET_NAME)";
				SWIFT_EMIT_LOC_STRINGS = YES;
				SWIFT_VERSION = 5.0;
				TARGETED_DEVICE_FAMILY = "1,2";
			};
			name = Debug;
		};
		A805726A2A8C55A900CF5642 /* Release */ = {
			isa = XCBuildConfiguration;
			buildSettings = {
				ASSETCATALOG_COMPILER_APPICON_NAME = AppIcon;
				ASSETCATALOG_COMPILER_GLOBAL_ACCENT_COLOR_NAME = AccentColor;
				CODE_SIGN_STYLE = Automatic;
				CURRENT_PROJECT_VERSION = 1;
				DEVELOPMENT_ASSET_PATHS = "\"RemoteConfig/Preview Content\"";
				DEVELOPMENT_TEAM = 499HZP5KWP;
				ENABLE_PREVIEWS = YES;
				GENERATE_INFOPLIST_FILE = YES;
				INFOPLIST_KEY_UIApplicationSceneManifest_Generation = YES;
				INFOPLIST_KEY_UIApplicationSupportsIndirectInputEvents = YES;
				INFOPLIST_KEY_UILaunchScreen_Generation = YES;
				INFOPLIST_KEY_UISupportedInterfaceOrientations_iPad = "UIInterfaceOrientationPortrait UIInterfaceOrientationPortraitUpsideDown UIInterfaceOrientationLandscapeLeft UIInterfaceOrientationLandscapeRight";
				INFOPLIST_KEY_UISupportedInterfaceOrientations_iPhone = "UIInterfaceOrientationPortrait UIInterfaceOrientationLandscapeLeft UIInterfaceOrientationLandscapeRight";
				LD_RUNPATH_SEARCH_PATHS = (
					"$(inherited)",
					"@executable_path/Frameworks",
				);
				MARKETING_VERSION = 1.0;
				PRODUCT_BUNDLE_IDENTIFIER = RaihanaSouleymane.RemoteConfig;
				PRODUCT_NAME = "$(TARGET_NAME)";
				SWIFT_EMIT_LOC_STRINGS = YES;
				SWIFT_VERSION = 5.0;
				TARGETED_DEVICE_FAMILY = "1,2";
			};
			name = Release;
		};
		A805726C2A8C55A900CF5642 /* Debug */ = {
			isa = XCBuildConfiguration;
			buildSettings = {
				ALWAYS_EMBED_SWIFT_STANDARD_LIBRARIES = YES;
				BUNDLE_LOADER = "$(TEST_HOST)";
				CODE_SIGN_STYLE = Automatic;
				CURRENT_PROJECT_VERSION = 1;
				DEVELOPMENT_TEAM = 5E92TJR5RT;
				GENERATE_INFOPLIST_FILE = YES;
				IPHONEOS_DEPLOYMENT_TARGET = 16.2;
				MARKETING_VERSION = 1.0;
				PRODUCT_BUNDLE_IDENTIFIER = RaihanaSouleymane.RemoteConfigTests;
				PRODUCT_NAME = "$(TARGET_NAME)";
				SWIFT_EMIT_LOC_STRINGS = NO;
				SWIFT_VERSION = 5.0;
				TARGETED_DEVICE_FAMILY = "1,2";
				TEST_HOST = "$(BUILT_PRODUCTS_DIR)/RemoteConfig.app/$(BUNDLE_EXECUTABLE_FOLDER_PATH)/RemoteConfig";
			};
			name = Debug;
		};
		A805726D2A8C55A900CF5642 /* Release */ = {
			isa = XCBuildConfiguration;
			buildSettings = {
				ALWAYS_EMBED_SWIFT_STANDARD_LIBRARIES = YES;
				BUNDLE_LOADER = "$(TEST_HOST)";
				CODE_SIGN_STYLE = Automatic;
				CURRENT_PROJECT_VERSION = 1;
				DEVELOPMENT_TEAM = 5E92TJR5RT;
				GENERATE_INFOPLIST_FILE = YES;
				IPHONEOS_DEPLOYMENT_TARGET = 16.2;
				MARKETING_VERSION = 1.0;
				PRODUCT_BUNDLE_IDENTIFIER = RaihanaSouleymane.RemoteConfigTests;
				PRODUCT_NAME = "$(TARGET_NAME)";
				SWIFT_EMIT_LOC_STRINGS = NO;
				SWIFT_VERSION = 5.0;
				TARGETED_DEVICE_FAMILY = "1,2";
				TEST_HOST = "$(BUILT_PRODUCTS_DIR)/RemoteConfig.app/$(BUNDLE_EXECUTABLE_FOLDER_PATH)/RemoteConfig";
			};
			name = Release;
		};
		A805726F2A8C55A900CF5642 /* Debug */ = {
			isa = XCBuildConfiguration;
			buildSettings = {
				ALWAYS_EMBED_SWIFT_STANDARD_LIBRARIES = YES;
				CODE_SIGN_STYLE = Automatic;
				CURRENT_PROJECT_VERSION = 1;
				DEVELOPMENT_TEAM = 5E92TJR5RT;
				GENERATE_INFOPLIST_FILE = YES;
				MARKETING_VERSION = 1.0;
				PRODUCT_BUNDLE_IDENTIFIER = RaihanaSouleymane.RemoteConfigUITests;
				PRODUCT_NAME = "$(TARGET_NAME)";
				SWIFT_EMIT_LOC_STRINGS = NO;
				SWIFT_VERSION = 5.0;
				TARGETED_DEVICE_FAMILY = "1,2";
				TEST_TARGET_NAME = RemoteConfig;
			};
			name = Debug;
		};
		A80572702A8C55A900CF5642 /* Release */ = {
			isa = XCBuildConfiguration;
			buildSettings = {
				ALWAYS_EMBED_SWIFT_STANDARD_LIBRARIES = YES;
				CODE_SIGN_STYLE = Automatic;
				CURRENT_PROJECT_VERSION = 1;
				DEVELOPMENT_TEAM = 5E92TJR5RT;
				GENERATE_INFOPLIST_FILE = YES;
				MARKETING_VERSION = 1.0;
				PRODUCT_BUNDLE_IDENTIFIER = RaihanaSouleymane.RemoteConfigUITests;
				PRODUCT_NAME = "$(TARGET_NAME)";
				SWIFT_EMIT_LOC_STRINGS = NO;
				SWIFT_VERSION = 5.0;
				TARGETED_DEVICE_FAMILY = "1,2";
				TEST_TARGET_NAME = RemoteConfig;
			};
			name = Release;
		};
/* End XCBuildConfiguration section */

/* Begin XCConfigurationList section */
		A805723F2A8C55A500CF5642 /* Build configuration list for PBXProject "RemoteConfig" */ = {
			isa = XCConfigurationList;
			buildConfigurations = (
				A80572662A8C55A900CF5642 /* Debug */,
				A80572672A8C55A900CF5642 /* Release */,
			);
			defaultConfigurationIsVisible = 0;
			defaultConfigurationName = Release;
		};
		A80572682A8C55A900CF5642 /* Build configuration list for PBXNativeTarget "RemoteConfig" */ = {
			isa = XCConfigurationList;
			buildConfigurations = (
				A80572692A8C55A900CF5642 /* Debug */,
				A805726A2A8C55A900CF5642 /* Release */,
			);
			defaultConfigurationIsVisible = 0;
			defaultConfigurationName = Release;
		};
		A805726B2A8C55A900CF5642 /* Build configuration list for PBXNativeTarget "RemoteConfigTests" */ = {
			isa = XCConfigurationList;
			buildConfigurations = (
				A805726C2A8C55A900CF5642 /* Debug */,
				A805726D2A8C55A900CF5642 /* Release */,
			);
			defaultConfigurationIsVisible = 0;
			defaultConfigurationName = Release;
		};
		A805726E2A8C55A900CF5642 /* Build configuration list for PBXNativeTarget "RemoteConfigUITests" */ = {
			isa = XCConfigurationList;
			buildConfigurations = (
				A805726F2A8C55A900CF5642 /* Debug */,
				A80572702A8C55A900CF5642 /* Release */,
			);
			defaultConfigurationIsVisible = 0;
			defaultConfigurationName = Release;
		};
/* End XCConfigurationList section */

/* Begin XCRemoteSwiftPackageReference section */
		A80572712A8C5ACE00CF5642 /* XCRemoteSwiftPackageReference "firebase-ios-sdk" */ = {
			isa = XCRemoteSwiftPackageReference;
			repositoryURL = "https://github.com/firebase/firebase-ios-sdk";
			requirement = {
				kind = upToNextMajorVersion;
				minimumVersion = 10.7.0;
			};
		};
/* End XCRemoteSwiftPackageReference section */

/* Begin XCSwiftPackageProductDependency section */
		A80572722A8C5ACE00CF5642 /* FirebaseAnalytics */ = {
			isa = XCSwiftPackageProductDependency;
			package = A80572712A8C5ACE00CF5642 /* XCRemoteSwiftPackageReference "firebase-ios-sdk" */;
			productName = FirebaseAnalytics;
		};
		A80572742A8C5ACE00CF5642 /* FirebaseAnalyticsSwift */ = {
			isa = XCSwiftPackageProductDependency;
			package = A80572712A8C5ACE00CF5642 /* XCRemoteSwiftPackageReference "firebase-ios-sdk" */;
			productName = FirebaseAnalyticsSwift;
		};
		A80572762A8C5ACE00CF5642 /* FirebaseAppCheck */ = {
			isa = XCSwiftPackageProductDependency;
			package = A80572712A8C5ACE00CF5642 /* XCRemoteSwiftPackageReference "firebase-ios-sdk" */;
			productName = FirebaseAppCheck;
		};
		A80572782A8C5ACE00CF5642 /* FirebaseCrashlytics */ = {
			isa = XCSwiftPackageProductDependency;
			package = A80572712A8C5ACE00CF5642 /* XCRemoteSwiftPackageReference "firebase-ios-sdk" */;
			productName = FirebaseCrashlytics;
		};
		A805727A2A8C5ACE00CF5642 /* FirebaseMessaging */ = {
			isa = XCSwiftPackageProductDependency;
			package = A80572712A8C5ACE00CF5642 /* XCRemoteSwiftPackageReference "firebase-ios-sdk" */;
			productName = FirebaseMessaging;
		};
		A805727C2A8C5ACE00CF5642 /* FirebaseRemoteConfig */ = {
			isa = XCSwiftPackageProductDependency;
			package = A80572712A8C5ACE00CF5642 /* XCRemoteSwiftPackageReference "firebase-ios-sdk" */;
			productName = FirebaseRemoteConfig;
		};
		A805727E2A8C5ACE00CF5642 /* FirebaseRemoteConfigSwift */ = {
			isa = XCSwiftPackageProductDependency;
			package = A80572712A8C5ACE00CF5642 /* XCRemoteSwiftPackageReference "firebase-ios-sdk" */;
			productName = FirebaseRemoteConfigSwift;
		};
/* End XCSwiftPackageProductDependency section */
	};
	rootObject = A805723C2A8C55A500CF5642 /* Project object */;
}
